version = 1
revision = 3
requires-python = "==3.12.*"

[[package]]
name = "chess"
version = "1.11.2"
source = { registry = "https://pypi.org/simple" }
sdist = { url = "https://files.pythonhosted.org/packages/93/09/7d04d7581ae3bb8b598017941781bceb7959dd1b13e3ebf7b6a2cd843bc9/chess-1.11.2.tar.gz", hash = "sha256:a8b43e5678fdb3000695bdaa573117ad683761e5ca38e591c4826eba6d25bb39", size = 6131385, upload-time = "2025-02-25T19:10:27.328Z" }

[[package]]
name = "chessy"
version = "0.1.0"
source = { editable = "." }
dependencies = [
    { name = "python-chess" },
]

[package.metadata]
requires-dist = [{ name = "python-chess", specifier = "==1.999" }]

[[package]]
name = "python-chess"
version = "1.999"
source = { registry = "https://pypi.org/simple" }
dependencies = [
    { name = "chess" },
]
sdist = { url = "https://files.pythonhosted.org/packages/5f/60/7c7d132b6683ff215bf705fc55ffc0240a6cddea89657407ca0a4fb628d0/python-chess-1.999.tar.gz", hash = "sha256:8cad0388c42242d890ac6368ad64def15cd0165db033df0ad479492e266e5e6c", size = 1453, upload-time = "2020-10-26T11:30:10.118Z" }
wheels = [
    { url = "https://files.pythonhosted.org/packages/38/47/dfebc06e589530691d33c71bc7b3d8d311252b58ae338980fd4327fe77f2/python_chess-1.999-py3-none-any.whl", hash = "sha256:93b562f8f1124cb7bf56fb095e18743758e69dc6a028ccda0badcaa5c59d88c8", size = 1401, upload-time = "2020-10-26T11:30:07.758Z" },
]
